
Microsoft Visual Studio Solution File, Format Version 12.00
# Visual Studio Version 16
VisualStudioVersion = 25.0.1706.11
MinimumVisualStudioVersion = 10.0.40219.1
Project("{FAE04EC0-301F-11D3-BF4B-00C04F79EFBC}") = "NomadsNestApp", "NomadsNestApp\NomadsNestApp.csproj", "{780ABB85-148E-4F2A-B27C-70DC68A32F5A}"
EndProject
Global
	GlobalSection(SolutionConfigurationPlatforms) = preSolution
		Debug|Any CPU = Debug|Any CPU
		Release|Any CPU = Release|Any CPU
	EndGlobalSection
	GlobalSection(ProjectConfigurationPlatforms) = postSolution
		{780ABB85-148E-4F2A-B27C-70DC68A32F5A}.Debug|Any CPU.ActiveCfg = Debug|Any CPU
		{780ABB85-148E-4F2A-B27C-70DC68A32F5A}.Debug|Any CPU.Build.0 = Debug|Any CPU
		{780ABB85-148E-4F2A-B27C-70DC68A32F5A}.Release|Any CPU.ActiveCfg = Release|Any CPU
		{780ABB85-148E-4F2A-B27C-70DC68A32F5A}.Release|Any CPU.Build.0 = Release|Any CPU
	EndGlobalSection
	GlobalSection(SolutionProperties) = preSolution
		HideSolutionNode = FALSE
	EndGlobalSection
	GlobalSection(ExtensibilityGlobals) = postSolution
		SolutionGuid = {E641624F-B0E7-4ECF-BD2B-EA1FE1590D36}
	EndGlobalSection
EndGlobal
